<?xml version="1.0" encoding="utf-8"?>
<Project ToolsVersion="15.0" xmlns="http://schemas.microsoft.com/developer/msbuild/2003">
  <ItemGroup>
    <Filter Include="Resource Files">
      <UniqueIdentifier>{67DA6AB6-F800-4c08-8B7A-83BB121AAD01}</UniqueIdentifier>
      <Extensions>rc;ico;cur;bmp;dlg;rc2;rct;bin;rgs;gif;jpg;jpeg;jpe;resx;tga;tiff;tif;png;wav;mfcribbon-ms</Extensions>
    </Filter>
    <Filter Include="Source Files">
      <UniqueIdentifier>{02058a83-ec62-4a39-8d71-bddfb45feacb}</UniqueIdentifier>
    </Filter>
  </ItemGroup>
  <ItemGroup>
    <ClCompile Include="..\..\bdwgc\allchblk.c">
      <Filter>Source Files</Filter>
    </ClCompile>
    <ClCompile Include="..\..\bdwgc\alloc.c">
      <Filter>Source Files</Filter>
    </ClCompile>
    <ClCompile Include="..\..\Allocator.cpp">
      <Filter>Source Files</Filter>
    </ClCompile>
    <ClCompile Include="..\..\bdwgc\backgraph.c">
      <Filter>Source Files</Filter>
    </ClCompile>
    <ClCompile Include="..\..\bdwgc\blacklst.c">
      <Filter>Source Files</Filter>
    </ClCompile>
    <ClCompile Include="..\..\bdwgc\checksums.c">
      <Filter>Source Files</Filter>
    </ClCompile>
    <ClCompile Include="..\..\bdwgc\darwin_stop_world.c">
      <Filter>Source Files</Filter>
    </ClCompile>
    <ClCompile Include="..\..\bdwgc\dbg_mlc.c">
      <Filter>Source Files</Filter>
    </ClCompile>
    <ClCompile Include="..\..\bdwgc\dyn_load.c">
      <Filter>Source Files</Filter>
    </ClCompile>
    <ClCompile Include="..\..\bdwgc\finalize.c">
      <Filter>Source Files</Filter>
    </ClCompile>
    <ClCompile Include="..\..\bdwgc\fnlz_mlc.c">
      <Filter>Source Files</Filter>
    </ClCompile>
    <ClCompile Include="..\..\bdwgc\gc_dlopen.c">
      <Filter>Source Files</Filter>
    </ClCompile>
    <ClCompile Include="..\..\bdwgc\gcj_mlc.c">
      <Filter>Source Files</Filter>
    </ClCompile>
    <ClCompile Include="..\..\bdwgc\headers.c">
      <Filter>Source Files</Filter>
    </ClCompile>
    <ClCompile Include="..\..\LeakChecker.cpp">
      <Filter>Source Files</Filter>
    </ClCompile>
    <ClCompile Include="..\..\bdwgc\mach_dep.c">
      <Filter>Source Files</Filter>
    </ClCompile>
    <ClCompile Include="..\..\bdwgc\malloc.c">
      <Filter>Source Files</Filter>
    </ClCompile>
    <ClCompile Include="..\..\bdwgc\mallocx.c">
      <Filter>Source Files</Filter>
    </ClCompile>
    <ClCompile Include="..\..\bdwgc\mark.c">
      <Filter>Source Files</Filter>
    </ClCompile>
    <ClCompile Include="..\..\bdwgc\mark_rts.c">
      <Filter>Source Files</Filter>
    </ClCompile>
    <ClCompile Include="..\..\bdwgc\misc.c">
      <Filter>Source Files</Filter>
    </ClCompile>
    <ClCompile Include="..\..\bdwgc\new_hblk.c">
      <Filter>Source Files</Filter>
    </ClCompile>
    <ClCompile Include="..\..\bdwgc\obj_map.c">
      <Filter>Source Files</Filter>
    </ClCompile>
    <ClCompile Include="..\..\bdwgc\os_dep.c">
      <Filter>Source Files</Filter>
    </ClCompile>
    <ClCompile Include="..\..\bdwgc\pthread_start.c">
      <Filter>Source Files</Filter>
    </ClCompile>
    <ClCompile Include="..\..\bdwgc\pthread_stop_world.c">
      <Filter>Source Files</Filter>
    </ClCompile>
    <ClCompile Include="..\..\bdwgc\pthread_support.c">
      <Filter>Source Files</Filter>
    </ClCompile>
    <ClCompile Include="..\..\bdwgc\ptr_chck.c">
      <Filter>Source Files</Filter>
    </ClCompile>
    <ClCompile Include="..\..\bdwgc\reclaim.c">
      <Filter>Source Files</Filter>
    </ClCompile>
    <ClCompile Include="..\..\bdwgc\specific.c">
      <Filter>Source Files</Filter>
    </ClCompile>
    <ClCompile Include="..\..\bdwgc\thread_local_alloc.c">
      <Filter>Source Files</Filter>
    </ClCompile>
    <ClCompile Include="..\..\bdwgc\typd_mlc.c">
      <Filter>Source Files</Filter>
    </ClCompile>
    <ClCompile Include="..\..\bdwgc\win32_threads.c">
      <Filter>Source Files</Filter>
    </ClCompile>
  </ItemGroup>
  <ItemGroup>
    <ClInclude Include="config.h" />
  </ItemGroup>
</Project>